
Microsoft Visual Studio Solution File, Format Version 12.00
# Visual Studio Version 16
VisualStudioVersion = 16.0.30413.136
MinimumVisualStudioVersion = 10.0.40219.1
Project("{FAE04EC0-301F-11D3-BF4B-00C04F79EFBC}") = "RV92.Azure.Service.Bus", "RV92.Azure.Service.Bus\RV92.Azure.Service.Bus.csproj", "{A8847BDB-9BC3-443D-B495-0B2B62D5AF2B}"
EndProject
Global
	GlobalSection(SolutionConfigurationPlatforms) = preSolution
		Debug|Any CPU = Debug|Any CPU
		Release|Any CPU = Release|Any CPU
	EndGlobalSection
	GlobalSection(ProjectConfigurationPlatforms) = postSolution
		{A8847BDB-9BC3-443D-B495-0B2B62D5AF2B}.Debug|Any CPU.ActiveCfg = Debug|Any CPU
		{A8847BDB-9BC3-443D-B495-0B2B62D5AF2B}.Debug|Any CPU.Build.0 = Debug|Any CPU
		{A8847BDB-9BC3-443D-B495-0B2B62D5AF2B}.Release|Any CPU.ActiveCfg = Release|Any CPU
		{A8847BDB-9BC3-443D-B495-0B2B62D5AF2B}.Release|Any CPU.Build.0 = Release|Any CPU
	EndGlobalSection
	GlobalSection(SolutionProperties) = preSolution
		HideSolutionNode = FALSE
	EndGlobalSection
	GlobalSection(ExtensibilityGlobals) = postSolution
		SolutionGuid = {78552705-23CD-4796-87A0-92033B0F5CF9}
	EndGlobalSection
EndGlobal
